{
  "name": "discord-bot",
  "version": "1.0.0",
  "lockfileVersion": 3,
  "requires": true,
  "packages": {
    "": {
      "name": "discord-bot",
      "version": "1.0.0",
      "dependencies": {
        "discord.js": "^14.13.0"
      }
    },
    "node_modules/discord.js": {
      "version": "14.13.0",
      "resolved": "https://registry.npmjs.org/discord.js/-/discord.js-14.13.0.tgz",
      "integrity": "sha512-KPlNnBZfKjN2RT6p1sJGZ8bLWSVodx9GjYty8iYb9YdzACs+pm0uRLM6JpBnS7Xm32NkEucd49IbYH5W1cyF7w==",
      "dependencies": {
        "@discordjs/builders": "^1.6.0",
        "@discordjs/collection": "^1.5.1",
        "@discordjs/formatters": "^0.6.0",
        "@discordjs/rest": "^2.3.0",
        "@discordjs/util": "^1.2.0",
        "@discordjs/ws": "^1.2.0",
        "discord-api-types": "^0.37.50",
        "fast-deep-equal": "^3.1.3",
        "lodash.snakecase": "^4.1.1",
        "magic-bytes.js": "^1.7.0",
        "tslib": "^2.5.0",
        "undici": "^5.22.1"
      }
    }
  }
}
